
Microsoft Visual Studio Solution File, Format Version 12.00
# Visual Studio Version 17
VisualStudioVersion = 17.4.33213.308
MinimumVisualStudioVersion = 10.0.40219.1
Project("{FAE04EC0-301F-11D3-BF4B-00C04F79EFBC}") = "Task", "Task\Task.csproj", "{7DC7887A-455B-4CC6-B48B-DD48DEB82B7D}"
EndProject
Global
	GlobalSection(SolutionConfigurationPlatforms) = preSolution
		Debug|Any CPU = Debug|Any CPU
		Release|Any CPU = Release|Any CPU
	EndGlobalSection
	GlobalSection(ProjectConfigurationPlatforms) = postSolution
		{7DC7887A-455B-4CC6-B48B-DD48DEB82B7D}.Debug|Any CPU.ActiveCfg = Debug|Any CPU
		{7DC7887A-455B-4CC6-B48B-DD48DEB82B7D}.Debug|Any CPU.Build.0 = Debug|Any CPU
		{7DC7887A-455B-4CC6-B48B-DD48DEB82B7D}.Release|Any CPU.ActiveCfg = Release|Any CPU
		{7DC7887A-455B-4CC6-B48B-DD48DEB82B7D}.Release|Any CPU.Build.0 = Release|Any CPU
	EndGlobalSection
	GlobalSection(SolutionProperties) = preSolution
		HideSolutionNode = FALSE
	EndGlobalSection
	GlobalSection(ExtensibilityGlobals) = postSolution
		SolutionGuid = {6A439A6E-D55A-4B6D-BA44-CE930BD570B4}
	EndGlobalSection
EndGlobal
